// !$*UTF8*$!
{
	archiveVersion = 1;
	classes = {
	};
	objectVersion = 56;
	objects = {

/* Begin PBXBuildFile section */
		937C9C8229FBEE010090F0C2 /* XcodeGithubTestApp.swift in Sources */ = {isa = PBXBuildFile; fileRef = 937C9C8129FBEE010090F0C2 /* XcodeGithubTestApp.swift */; };
		937C9C8429FBEE010090F0C2 /* ContentView.swift in Sources */ = {isa = PBXBuildFile; fileRef = 937C9C8329FBEE010090F0C2 /* ContentView.swift */; };
		937C9C8629FBEE020090F0C2 /* Assets.xcassets in Resources */ = {isa = PBXBuildFile; fileRef = 937C9C8529FBEE020090F0C2 /* Assets.xcassets */; };
		937C9C8929FBEE020090F0C2 /* Preview Assets.xcassets in Resources */ = {isa = PBXBuildFile; fileRef = 937C9C8829FBEE020090F0C2 /* Preview Assets.xcassets */; };
		937C9C9329FBEE020090F0C2 /* XcodeGithubTestTests.swift in Sources */ = {isa = PBXBuildFile; fileRef = 937C9C9229FBEE020090F0C2 /* XcodeGithubTestTests.swift */; };
		937C9C9D29FBEE020090F0C2 /* XcodeGithubTestUITests.swift in Sources */ = {isa = PBXBuildFile; fileRef = 937C9C9C29FBEE020090F0C2 /* XcodeGithubTestUITests.swift */; };
		937C9C9F29FBEE020090F0C2 /* XcodeGithubTestUITestsLaunchTests.swift in Sources */ = {isa = PBXBuildFile; fileRef = 937C9C9E29FBEE020090F0C2 /* XcodeGithubTestUITestsLaunchTests.swift */; };
/* End PBXBuildFile section */

/* Begin PBXContainerItemProxy section */
		937C9C8F29FBEE020090F0C2 /* PBXContainerItemProxy */ = {
			isa = PBXContainerItemProxy;
			containerPortal = 937C9C7629FBEE010090F0C2 /* Project object */;
			proxyType = 1;
			remoteGlobalIDString = 937C9C7D29FBEE010090F0C2;
			remoteInfo = XcodeGithubTest;
		};
		937C9C9929FBEE020090F0C2 /* PBXContainerItemProxy */ = {
			isa = PBXContainerItemProxy;
			containerPortal = 937C9C7629FBEE010090F0C2 /* Project object */;
			proxyType = 1;
			remoteGlobalIDString = 937C9C7D29FBEE010090F0C2;
			remoteInfo = XcodeGithubTest;
		};
/* End PBXContainerItemProxy section */

/* Begin PBXFileReference section */
		937C9C7E29FBEE010090F0C2 /* XcodeGithubTest.app */ = {isa = PBXFileReference; explicitFileType = wrapper.application; includeInIndex = 0; path = XcodeGithubTest.app; sourceTree = BUILT_PRODUCTS_DIR; };
		937C9C8129FBEE010090F0C2 /* XcodeGithubTestApp.swift */ = {isa = PBXFileReference; lastKnownFileType = sourcecode.swift; path = XcodeGithubTestApp.swift; sourceTree = "<group>"; };
		937C9C8329FBEE010090F0C2 /* ContentView.swift */ = {isa = PBXFileReference; lastKnownFileType = sourcecode.swift; path = ContentView.swift; sourceTree = "<group>"; };
		937C9C8529FBEE020090F0C2 /* Assets.xcassets */ = {isa = PBXFileReference; lastKnownFileType = folder.assetcatalog; path = Assets.xcassets; sourceTree = "<group>"; };
		937C9C8829FBEE020090F0C2 /* Preview Assets.xcassets */ = {isa = PBXFileReference; lastKnownFileType = folder.assetcatalog; path = "Preview Assets.xcassets"; sourceTree = "<group>"; };
		937C9C8E29FBEE020090F0C2 /* XcodeGithubTestTests.xctest */ = {isa = PBXFileReference; explicitFileType = wrapper.cfbundle; includeInIndex = 0; path = XcodeGithubTestTests.xctest; sourceTree = BUILT_PRODUCTS_DIR; };
		937C9C9229FBEE020090F0C2 /* XcodeGithubTestTests.swift */ = {isa = PBXFileReference; lastKnownFileType = sourcecode.swift; path = XcodeGithubTestTests.swift; sourceTree = "<group>"; };
		937C9C9829FBEE020090F0C2 /* XcodeGithubTestUITests.xctest */ = {isa = PBXFileReference; explicitFileType = wrapper.cfbundle; includeInIndex = 0; path = XcodeGithubTestUITests.xctest; sourceTree = BUILT_PRODUCTS_DIR; };
		937C9C9C29FBEE020090F0C2 /* XcodeGithubTestUITests.swift */ = {isa = PBXFileReference; lastKnownFileType = sourcecode.swift; path = XcodeGithubTestUITests.swift; sourceTree = "<group>"; };
		937C9C9E29FBEE020090F0C2 /* XcodeGithubTestUITestsLaunchTests.swift */ = {isa = PBXFileReference; lastKnownFileType = sourcecode.swift; path = XcodeGithubTestUITestsLaunchTests.swift; sourceTree = "<group>"; };
/* End PBXFileReference section */

/* Begin PBXFrameworksBuildPhase section */
		937C9C7B29FBEE010090F0C2 /* Frameworks */ = {
			isa = PBXFrameworksBuildPhase;
			buildActionMask = 2147483647;
			files = (
			);
			runOnlyForDeploymentPostprocessing = 0;
		};
		937C9C8B29FBEE020090F0C2 /* Frameworks */ = {
			isa = PBXFrameworksBuildPhase;
			buildActionMask = 2147483647;
			files = (
			);
			runOnlyForDeploymentPostprocessing = 0;
		};
		937C9C9529FBEE020090F0C2 /* Frameworks */ = {
			isa = PBXFrameworksBuildPhase;
			buildActionMask = 2147483647;
			files = (
			);
			runOnlyForDeploymentPostprocessing = 0;
		};
/* End PBXFrameworksBuildPhase section */

/* Begin PBXGroup section */
		937C9C7529FBEE010090F0C2 = {
			isa = PBXGroup;
			children = (
				937C9C8029FBEE010090F0C2 /* XcodeGithubTest */,
				937C9C9129FBEE020090F0C2 /* XcodeGithubTestTests */,
				937C9C9B29FBEE020090F0C2 /* XcodeGithubTestUITests */,
				937C9C7F29FBEE010090F0C2 /* Products */,
			);
			sourceTree = "<group>";
		};
		937C9C7F29FBEE010090F0C2 /* Products */ = {
			isa = PBXGroup;
			children = (
				937C9C7E29FBEE010090F0C2 /* XcodeGithubTest.app */,
				937C9C8E29FBEE020090F0C2 /* XcodeGithubTestTests.xctest */,
				937C9C9829FBEE020090F0C2 /* XcodeGithubTestUITests.xctest */,
			);
			name = Products;
			sourceTree = "<group>";
		};
		937C9C8029FBEE010090F0C2 /* XcodeGithubTest */ = {
			isa = PBXGroup;
			children = (
				937C9C8129FBEE010090F0C2 /* XcodeGithubTestApp.swift */,
				937C9C8329FBEE010090F0C2 /* ContentView.swift */,
				937C9C8529FBEE020090F0C2 /* Assets.xcassets */,
				937C9C8729FBEE020090F0C2 /* Preview Content */,
			);
			path = XcodeGithubTest;
			sourceTree = "<group>";
		};
		937C9C8729FBEE020090F0C2 /* Preview Content */ = {
			isa = PBXGroup;
			children = (
				937C9C8829FBEE020090F0C2 /* Preview Assets.xcassets */,
			);
			path = "Preview Content";
			sourceTree = "<group>";
		};
		937C9C9129FBEE020090F0C2 /* XcodeGithubTestTests */ = {
			isa = PBXGroup;
			children = (
				937C9C9229FBEE020090F0C2 /* XcodeGithubTestTests.swift */,
			);
			path = XcodeGithubTestTests;
			sourceTree = "<group>";
		};
		937C9C9B29FBEE020090F0C2 /* XcodeGithubTestUITests */ = {
			isa = PBXGroup;
			children = (
				937C9C9C29FBEE020090F0C2 /* XcodeGithubTestUITests.swift */,
				937C9C9E29FBEE020090F0C2 /* XcodeGithubTestUITestsLaunchTests.swift */,
			);
			path = XcodeGithubTestUITests;
			sourceTree = "<group>";
		};
/* End PBXGroup section */

/* Begin PBXNativeTarget section */
		937C9C7D29FBEE010090F0C2 /* XcodeGithubTest */ = {
			isa = PBXNativeTarget;
			buildConfigurationList = 937C9CA229FBEE020090F0C2 /* Build configuration list for PBXNativeTarget "XcodeGithubTest" */;
			buildPhases = (
				937C9C7A29FBEE010090F0C2 /* Sources */,
				937C9C7B29FBEE010090F0C2 /* Frameworks */,
				937C9C7C29FBEE010090F0C2 /* Resources */,
			);
			buildRules = (
			);
			dependencies = (
			);
			name = XcodeGithubTest;
			productName = XcodeGithubTest;
			productReference = 937C9C7E29FBEE010090F0C2 /* XcodeGithubTest.app */;
			productType = "com.apple.product-type.application";
		};
		937C9C8D29FBEE020090F0C2 /* XcodeGithubTestTests */ = {
			isa = PBXNativeTarget;
			buildConfigurationList = 937C9CA529FBEE020090F0C2 /* Build configuration list for PBXNativeTarget "XcodeGithubTestTests" */;
			buildPhases = (
				937C9C8A29FBEE020090F0C2 /* Sources */,
				937C9C8B29FBEE020090F0C2 /* Frameworks */,
				937C9C8C29FBEE020090F0C2 /* Resources */,
			);
			buildRules = (
			);
			dependencies = (
				937C9C9029FBEE020090F0C2 /* PBXTargetDependency */,
			);
			name = XcodeGithubTestTests;
			productName = XcodeGithubTestTests;
			productReference = 937C9C8E29FBEE020090F0C2 /* XcodeGithubTestTests.xctest */;
			productType = "com.apple.product-type.bundle.unit-test";
		};
		937C9C9729FBEE020090F0C2 /* XcodeGithubTestUITests */ = {
			isa = PBXNativeTarget;
			buildConfigurationList = 937C9CA829FBEE020090F0C2 /* Build configuration list for PBXNativeTarget "XcodeGithubTestUITests" */;
			buildPhases = (
				937C9C9429FBEE020090F0C2 /* Sources */,
				937C9C9529FBEE020090F0C2 /* Frameworks */,
				937C9C9629FBEE020090F0C2 /* Resources */,
			);
			buildRules = (
			);
			dependencies = (
				937C9C9A29FBEE020090F0C2 /* PBXTargetDependency */,
			);
			name = XcodeGithubTestUITests;
			productName = XcodeGithubTestUITests;
			productReference = 937C9C9829FBEE020090F0C2 /* XcodeGithubTestUITests.xctest */;
			productType = "com.apple.product-type.bundle.ui-testing";
		};
/* End PBXNativeTarget section */

/* Begin PBXProject section */
		937C9C7629FBEE010090F0C2 /* Project object */ = {
			isa = PBXProject;
			attributes = {
				BuildIndependentTargetsInParallel = 1;
				LastSwiftUpdateCheck = 1430;
				LastUpgradeCheck = 1430;
				TargetAttributes = {
					937C9C7D29FBEE010090F0C2 = {
						CreatedOnToolsVersion = 14.3;
					};
					937C9C8D29FBEE020090F0C2 = {
						CreatedOnToolsVersion = 14.3;
						TestTargetID = 937C9C7D29FBEE010090F0C2;
					};
					937C9C9729FBEE020090F0C2 = {
						CreatedOnToolsVersion = 14.3;
						TestTargetID = 937C9C7D29FBEE010090F0C2;
					};
				};
			};
			buildConfigurationList = 937C9C7929FBEE010090F0C2 /* Build configuration list for PBXProject "XcodeGithubTest" */;
			compatibilityVersion = "Xcode 14.0";
			developmentRegion = en;
			hasScannedForEncodings = 0;
			knownRegions = (
				en,
				Base,
			);
			mainGroup = 937C9C7529FBEE010090F0C2;
			productRefGroup = 937C9C7F29FBEE010090F0C2 /* Products */;
			projectDirPath = "";
			projectRoot = "";
			targets = (
				937C9C7D29FBEE010090F0C2 /* XcodeGithubTest */,
				937C9C8D29FBEE020090F0C2 /* XcodeGithubTestTests */,
				937C9C9729FBEE020090F0C2 /* XcodeGithubTestUITests */,
			);
		};
/* End PBXProject section */

/* Begin PBXResourcesBuildPhase section */
		937C9C7C29FBEE010090F0C2 /* Resources */ = {
			isa = PBXResourcesBuildPhase;
			buildActionMask = 2147483647;
			files = (
				937C9C8929FBEE020090F0C2 /* Preview Assets.xcassets in Resources */,
				937C9C8629FBEE020090F0C2 /* Assets.xcassets in Resources */,
			);
			runOnlyForDeploymentPostprocessing = 0;
		};
		937C9C8C29FBEE020090F0C2 /* Resources */ = {
			isa = PBXResourcesBuildPhase;
			buildActionMask = 2147483647;
			files = (
			);
			runOnlyForDeploymentPostprocessing = 0;
		};
		937C9C9629FBEE020090F0C2 /* Resources */ = {
			isa = PBXResourcesBuildPhase;
			buildActionMask = 2147483647;
			files = (
			);
			runOnlyForDeploymentPostprocessing = 0;
		};
/* End PBXResourcesBuildPhase section */

/* Begin PBXSourcesBuildPhase section */
		937C9C7A29FBEE010090F0C2 /* Sources */ = {
			isa = PBXSourcesBuildPhase;
			buildActionMask = 2147483647;
			files = (
				937C9C8429FBEE010090F0C2 /* ContentView.swift in Sources */,
				937C9C8229FBEE010090F0C2 /* XcodeGithubTestApp.swift in Sources */,
			);
			runOnlyForDeploymentPostprocessing = 0;
		};
		937C9C8A29FBEE020090F0C2 /* Sources */ = {
			isa = PBXSourcesBuildPhase;
			buildActionMask = 2147483647;
			files = (
				937C9C9329FBEE020090F0C2 /* XcodeGithubTestTests.swift in Sources */,
			);
			runOnlyForDeploymentPostprocessing = 0;
		};
		937C9C9429FBEE020090F0C2 /* Sources */ = {
			isa = PBXSourcesBuildPhase;
			buildActionMask = 2147483647;
			files = (
				937C9C9D29FBEE020090F0C2 /* XcodeGithubTestUITests.swift in Sources */,
				937C9C9F29FBEE020090F0C2 /* XcodeGithubTestUITestsLaunchTests.swift in Sources */,
			);
			runOnlyForDeploymentPostprocessing = 0;
		};
/* End PBXSourcesBuildPhase section */

/* Begin PBXTargetDependency section */
		937C9C9029FBEE020090F0C2 /* PBXTargetDependency */ = {
			isa = PBXTargetDependency;
			target = 937C9C7D29FBEE010090F0C2 /* XcodeGithubTest */;
			targetProxy = 937C9C8F29FBEE020090F0C2 /* PBXContainerItemProxy */;
		};
		937C9C9A29FBEE020090F0C2 /* PBXTargetDependency */ = {
			isa = PBXTargetDependency;
			target = 937C9C7D29FBEE010090F0C2 /* XcodeGithubTest */;
			targetProxy = 937C9C9929FBEE020090F0C2 /* PBXContainerItemProxy */;
		};
/* End PBXTargetDependency section */

/* Begin XCBuildConfiguration section */
		937C9CA029FBEE020090F0C2 /* Debug */ = {
			isa = XCBuildConfiguration;
			buildSettings = {
				ALWAYS_SEARCH_USER_PATHS = NO;
				CLANG_ANALYZER_NONNULL = YES;
				CLANG_ANALYZER_NUMBER_OBJECT_CONVERSION = YES_AGGRESSIVE;
				CLANG_CXX_LANGUAGE_STANDARD = "gnu++20";
				CLANG_ENABLE_MODULES = YES;
				CLANG_ENABLE_OBJC_ARC = YES;
				CLANG_ENABLE_OBJC_WEAK = YES;
				CLANG_WARN_BLOCK_CAPTURE_AUTORELEASING = YES;
				CLANG_WARN_BOOL_CONVERSION = YES;
				CLANG_WARN_COMMA = YES;
				CLANG_WARN_CONSTANT_CONVERSION = YES;
				CLANG_WARN_DEPRECATED_OBJC_IMPLEMENTATIONS = YES;
				CLANG_WARN_DIRECT_OBJC_ISA_USAGE = YES_ERROR;
				CLANG_WARN_DOCUMENTATION_COMMENTS = YES;
				CLANG_WARN_EMPTY_BODY = YES;
				CLANG_WARN_ENUM_CONVERSION = YES;
				CLANG_WARN_INFINITE_RECURSION = YES;
				CLANG_WARN_INT_CONVERSION = YES;
				CLANG_WARN_NON_LITERAL_NULL_CONVERSION = YES;
				CLANG_WARN_OBJC_IMPLICIT_RETAIN_SELF = YES;
				CLANG_WARN_OBJC_LITERAL_CONVERSION = YES;
				CLANG_WARN_OBJC_ROOT_CLASS = YES_ERROR;
				CLANG_WARN_QUOTED_INCLUDE_IN_FRAMEWORK_HEADER = YES;
				CLANG_WARN_RANGE_LOOP_ANALYSIS = YES;
				CLANG_WARN_STRICT_PROTOTYPES = YES;
				CLANG_WARN_SUSPICIOUS_MOVE = YES;
				CLANG_WARN_UNGUARDED_AVAILABILITY = YES_AGGRESSIVE;
				CLANG_WARN_UNREACHABLE_CODE = YES;
				CLANG_WARN__DUPLICATE_METHOD_MATCH = YES;
				COPY_PHASE_STRIP = NO;
				DEBUG_INFORMATION_FORMAT = dwarf;
				ENABLE_STRICT_OBJC_MSGSEND = YES;
				ENABLE_TESTABILITY = YES;
				GCC_C_LANGUAGE_STANDARD = gnu11;
				GCC_DYNAMIC_NO_PIC = NO;
				GCC_NO_COMMON_BLOCKS = YES;
				GCC_OPTIMIZATION_LEVEL = 0;
				GCC_PREPROCESSOR_DEFINITIONS = (
					"DEBUG=1",
					"$(inherited)",
				);
				GCC_WARN_64_TO_32_BIT_CONVERSION = YES;
				GCC_WARN_ABOUT_RETURN_TYPE = YES_ERROR;
				GCC_WARN_UNDECLARED_SELECTOR = YES;
				GCC_WARN_UNINITIALIZED_AUTOS = YES_AGGRESSIVE;
				GCC_WARN_UNUSED_FUNCTION = YES;
				GCC_WARN_UNUSED_VARIABLE = YES;
				IPHONEOS_DEPLOYMENT_TARGET = 16.4;
				MTL_ENABLE_DEBUG_INFO = INCLUDE_SOURCE;
				MTL_FAST_MATH = YES;
				ONLY_ACTIVE_ARCH = YES;
				SDKROOT = iphoneos;
				SWIFT_ACTIVE_COMPILATION_CONDITIONS = DEBUG;
				SWIFT_OPTIMIZATION_LEVEL = "-Onone";
			};
			name = Debug;
		};
		937C9CA129FBEE020090F0C2 /* Release */ = {
			isa = XCBuildConfiguration;
			buildSettings = {
				ALWAYS_SEARCH_USER_PATHS = NO;
				CLANG_ANALYZER_NONNULL = YES;
				CLANG_ANALYZER_NUMBER_OBJECT_CONVERSION = YES_AGGRESSIVE;
				CLANG_CXX_LANGUAGE_STANDARD = "gnu++20";
				CLANG_ENABLE_MODULES = YES;
				CLANG_ENABLE_OBJC_ARC = YES;
				CLANG_ENABLE_OBJC_WEAK = YES;
				CLANG_WARN_BLOCK_CAPTURE_AUTORELEASING = YES;
				CLANG_WARN_BOOL_CONVERSION = YES;
				CLANG_WARN_COMMA = YES;
				CLANG_WARN_CONSTANT_CONVERSION = YES;
				CLANG_WARN_DEPRECATED_OBJC_IMPLEMENTATIONS = YES;
				CLANG_WARN_DIRECT_OBJC_ISA_USAGE = YES_ERROR;
				CLANG_WARN_DOCUMENTATION_COMMENTS = YES;
				CLANG_WARN_EMPTY_BODY = YES;
				CLANG_WARN_ENUM_CONVERSION = YES;
				CLANG_WARN_INFINITE_RECURSION = YES;
				CLANG_WARN_INT_CONVERSION = YES;
				CLANG_WARN_NON_LITERAL_NULL_CONVERSION = YES;
				CLANG_WARN_OBJC_IMPLICIT_RETAIN_SELF = YES;
				CLANG_WARN_OBJC_LITERAL_CONVERSION = YES;
				CLANG_WARN_OBJC_ROOT_CLASS = YES_ERROR;
				CLANG_WARN_QUOTED_INCLUDE_IN_FRAMEWORK_HEADER = YES;
				CLANG_WARN_RANGE_LOOP_ANALYSIS = YES;
				CLANG_WARN_STRICT_PROTOTYPES = YES;
				CLANG_WARN_SUSPICIOUS_MOVE = YES;
				CLANG_WARN_UNGUARDED_AVAILABILITY = YES_AGGRESSIVE;
				CLANG_WARN_UNREACHABLE_CODE = YES;
				CLANG_WARN__DUPLICATE_METHOD_MATCH = YES;
				COPY_PHASE_STRIP = NO;
				DEBUG_INFORMATION_FORMAT = "dwarf-with-dsym";
				ENABLE_NS_ASSERTIONS = NO;
				ENABLE_STRICT_OBJC_MSGSEND = YES;
				GCC_C_LANGUAGE_STANDARD = gnu11;
				GCC_NO_COMMON_BLOCKS = YES;
				GCC_WARN_64_TO_32_BIT_CONVERSION = YES;
				GCC_WARN_ABOUT_RETURN_TYPE = YES_ERROR;
				GCC_WARN_UNDECLARED_SELECTOR = YES;
				GCC_WARN_UNINITIALIZED_AUTOS = YES_AGGRESSIVE;
				GCC_WARN_UNUSED_FUNCTION = YES;
				GCC_WARN_UNUSED_VARIABLE = YES;
				IPHONEOS_DEPLOYMENT_TARGET = 16.4;
				MTL_ENABLE_DEBUG_INFO = NO;
				MTL_FAST_MATH = YES;
				SDKROOT = iphoneos;
				SWIFT_COMPILATION_MODE = wholemodule;
				SWIFT_OPTIMIZATION_LEVEL = "-O";
				VALIDATE_PRODUCT = YES;
			};
			name = Release;
		};
		937C9CA329FBEE020090F0C2 /* Debug */ = {
			isa = XCBuildConfiguration;
			buildSettings = {
				ASSETCATALOG_COMPILER_APPICON_NAME = AppIcon;
				ASSETCATALOG_COMPILER_GLOBAL_ACCENT_COLOR_NAME = AccentColor;
				CODE_SIGN_STYLE = Automatic;
				CURRENT_PROJECT_VERSION = 1;
				DEVELOPMENT_ASSET_PATHS = "\"XcodeGithubTest/Preview Content\"";
				ENABLE_PREVIEWS = YES;
				GENERATE_INFOPLIST_FILE = YES;
				INFOPLIST_KEY_UIApplicationSceneManifest_Generation = YES;
				INFOPLIST_KEY_UIApplicationSupportsIndirectInputEvents = YES;
				INFOPLIST_KEY_UILaunchScreen_Generation = YES;
				INFOPLIST_KEY_UISupportedInterfaceOrientations_iPad = "UIInterfaceOrientationPortrait UIInterfaceOrientationPortraitUpsideDown UIInterfaceOrientationLandscapeLeft UIInterfaceOrientationLandscapeRight";
				INFOPLIST_KEY_UISupportedInterfaceOrientations_iPhone = "UIInterfaceOrientationPortrait UIInterfaceOrientationLandscapeLeft UIInterfaceOrientationLandscapeRight";
				LD_RUNPATH_SEARCH_PATHS = (
					"$(inherited)",
					"@executable_path/Frameworks",
				);
				MARKETING_VERSION = 1.0;
				PRODUCT_BUNDLE_IDENTIFIER = com.gyeol.XcodeGithubTest;
				PRODUCT_NAME = "$(TARGET_NAME)";
				SWIFT_EMIT_LOC_STRINGS = YES;
				SWIFT_VERSION = 5.0;
				TARGETED_DEVICE_FAMILY = "1,2";
			};
			name = Debug;
		};
		937C9CA429FBEE020090F0C2 /* Release */ = {
			isa = XCBuildConfiguration;
			buildSettings = {
				ASSETCATALOG_COMPILER_APPICON_NAME = AppIcon;
				ASSETCATALOG_COMPILER_GLOBAL_ACCENT_COLOR_NAME = AccentColor;
				CODE_SIGN_STYLE = Automatic;
				CURRENT_PROJECT_VERSION = 1;
				DEVELOPMENT_ASSET_PATHS = "\"XcodeGithubTest/Preview Content\"";
				ENABLE_PREVIEWS = YES;
				GENERATE_INFOPLIST_FILE = YES;
				INFOPLIST_KEY_UIApplicationSceneManifest_Generation = YES;
				INFOPLIST_KEY_UIApplicationSupportsIndirectInputEvents = YES;
				INFOPLIST_KEY_UILaunchScreen_Generation = YES;
				INFOPLIST_KEY_UISupportedInterfaceOrientations_iPad = "UIInterfaceOrientationPortrait UIInterfaceOrientationPortraitUpsideDown UIInterfaceOrientationLandscapeLeft UIInterfaceOrientationLandscapeRight";
				INFOPLIST_KEY_UISupportedInterfaceOrientations_iPhone = "UIInterfaceOrientationPortrait UIInterfaceOrientationLandscapeLeft UIInterfaceOrientationLandscapeRight";
				LD_RUNPATH_SEARCH_PATHS = (
					"$(inherited)",
					"@executable_path/Frameworks",
				);
				MARKETING_VERSION = 1.0;
				PRODUCT_BUNDLE_IDENTIFIER = com.gyeol.XcodeGithubTest;
				PRODUCT_NAME = "$(TARGET_NAME)";
				SWIFT_EMIT_LOC_STRINGS = YES;
				SWIFT_VERSION = 5.0;
				TARGETED_DEVICE_FAMILY = "1,2";
			};
			name = Release;
		};
		937C9CA629FBEE020090F0C2 /* Debug */ = {
			isa = XCBuildConfiguration;
			buildSettings = {
				ALWAYS_EMBED_SWIFT_STANDARD_LIBRARIES = YES;
				BUNDLE_LOADER = "$(TEST_HOST)";
				CODE_SIGN_STYLE = Automatic;
				CURRENT_PROJECT_VERSION = 1;
				GENERATE_INFOPLIST_FILE = YES;
				IPHONEOS_DEPLOYMENT_TARGET = 16.4;
				MARKETING_VERSION = 1.0;
				PRODUCT_BUNDLE_IDENTIFIER = com.gyeol.XcodeGithubTestTests;
				PRODUCT_NAME = "$(TARGET_NAME)";
				SWIFT_EMIT_LOC_STRINGS = NO;
				SWIFT_VERSION = 5.0;
				TARGETED_DEVICE_FAMILY = "1,2";
				TEST_HOST = "$(BUILT_PRODUCTS_DIR)/XcodeGithubTest.app/$(BUNDLE_EXECUTABLE_FOLDER_PATH)/XcodeGithubTest";
			};
			name = Debug;
		};
		937C9CA729FBEE020090F0C2 /* Release */ = {
			isa = XCBuildConfiguration;
			buildSettings = {
				ALWAYS_EMBED_SWIFT_STANDARD_LIBRARIES = YES;
				BUNDLE_LOADER = "$(TEST_HOST)";
				CODE_SIGN_STYLE = Automatic;
				CURRENT_PROJECT_VERSION = 1;
				GENERATE_INFOPLIST_FILE = YES;
				IPHONEOS_DEPLOYMENT_TARGET = 16.4;
				MARKETING_VERSION = 1.0;
				PRODUCT_BUNDLE_IDENTIFIER = com.gyeol.XcodeGithubTestTests;
				PRODUCT_NAME = "$(TARGET_NAME)";
				SWIFT_EMIT_LOC_STRINGS = NO;
				SWIFT_VERSION = 5.0;
				TARGETED_DEVICE_FAMILY = "1,2";
				TEST_HOST = "$(BUILT_PRODUCTS_DIR)/XcodeGithubTest.app/$(BUNDLE_EXECUTABLE_FOLDER_PATH)/XcodeGithubTest";
			};
			name = Release;
		};
		937C9CA929FBEE020090F0C2 /* Debug */ = {
			isa = XCBuildConfiguration;
			buildSettings = {
				ALWAYS_EMBED_SWIFT_STANDARD_LIBRARIES = YES;
				CODE_SIGN_STYLE = Automatic;
				CURRENT_PROJECT_VERSION = 1;
				GENERATE_INFOPLIST_FILE = YES;
				MARKETING_VERSION = 1.0;
				PRODUCT_BUNDLE_IDENTIFIER = com.gyeol.XcodeGithubTestUITests;
				PRODUCT_NAME = "$(TARGET_NAME)";
				SWIFT_EMIT_LOC_STRINGS = NO;
				SWIFT_VERSION = 5.0;
				TARGETED_DEVICE_FAMILY = "1,2";
				TEST_TARGET_NAME = XcodeGithubTest;
			};
			name = Debug;
		};
		937C9CAA29FBEE020090F0C2 /* Release */ = {
			isa = XCBuildConfiguration;
			buildSettings = {
				ALWAYS_EMBED_SWIFT_STANDARD_LIBRARIES = YES;
				CODE_SIGN_STYLE = Automatic;
				CURRENT_PROJECT_VERSION = 1;
				GENERATE_INFOPLIST_FILE = YES;
				MARKETING_VERSION = 1.0;
				PRODUCT_BUNDLE_IDENTIFIER = com.gyeol.XcodeGithubTestUITests;
				PRODUCT_NAME = "$(TARGET_NAME)";
				SWIFT_EMIT_LOC_STRINGS = NO;
				SWIFT_VERSION = 5.0;
				TARGETED_DEVICE_FAMILY = "1,2";
				TEST_TARGET_NAME = XcodeGithubTest;
			};
			name = Release;
		};
/* End XCBuildConfiguration section */

/* Begin XCConfigurationList section */
		937C9C7929FBEE010090F0C2 /* Build configuration list for PBXProject "XcodeGithubTest" */ = {
			isa = XCConfigurationList;
			buildConfigurations = (
				937C9CA029FBEE020090F0C2 /* Debug */,
				937C9CA129FBEE020090F0C2 /* Release */,
			);
			defaultConfigurationIsVisible = 0;
			defaultConfigurationName = Release;
		};
		937C9CA229FBEE020090F0C2 /* Build configuration list for PBXNativeTarget "XcodeGithubTest" */ = {
			isa = XCConfigurationList;
			buildConfigurations = (
				937C9CA329FBEE020090F0C2 /* Debug */,
				937C9CA429FBEE020090F0C2 /* Release */,
			);
			defaultConfigurationIsVisible = 0;
			defaultConfigurationName = Release;
		};
		937C9CA529FBEE020090F0C2 /* Build configuration list for PBXNativeTarget "XcodeGithubTestTests" */ = {
			isa = XCConfigurationList;
			buildConfigurations = (
				937C9CA629FBEE020090F0C2 /* Debug */,
				937C9CA729FBEE020090F0C2 /* Release */,
			);
			defaultConfigurationIsVisible = 0;
			defaultConfigurationName = Release;
		};
		937C9CA829FBEE020090F0C2 /* Build configuration list for PBXNativeTarget "XcodeGithubTestUITests" */ = {
			isa = XCConfigurationList;
			buildConfigurations = (
				937C9CA929FBEE020090F0C2 /* Debug */,
				937C9CAA29FBEE020090F0C2 /* Release */,
			);
			defaultConfigurationIsVisible = 0;
			defaultConfigurationName = Release;
		};
/* End XCConfigurationList section */
	};
	rootObject = 937C9C7629FBEE010090F0C2 /* Project object */;
}
